
Microsoft Visual Studio Solution File, Format Version 12.00
# Visual Studio Version 16
VisualStudioVersion = 16.0.31702.278
MinimumVisualStudioVersion = 10.0.40219.1
Project("{9A19103F-16F7-4668-BE54-9A1E7A4F7556}") = "RevenueSharingInvest.API", "RevenueSharingInvest.API\RevenueSharingInvest.API.csproj", "{2C1C8DED-459E-42BB-9997-03D1EAB8B48F}"
EndProject
Project("{9A19103F-16F7-4668-BE54-9A1E7A4F7556}") = "RevenueSharingInvest.Business", "RevenueSharingInvest.Business\RevenueSharingInvest.Business.csproj", "{7B6D9AEA-20B7-4515-AAAA-B5BD12946DDA}"
EndProject
Project("{9A19103F-16F7-4668-BE54-9A1E7A4F7556}") = "RevenueSharingInvest.Data", "RevenueSharingInvest.Data\RevenueSharingInvest.Data.csproj", "{79277258-F7F6-450A-8DDE-E05CAA7247E2}"
EndProject
Project("{9A19103F-16F7-4668-BE54-9A1E7A4F7556}") = "iRepair_BE_NET.API", "..\..\Do an\iRepair_Backend\iRepair_BE_NET.API\iRepair_BE_NET.API.csproj", "{99363F0C-F62C-479F-83EA-2AB3FC0F3890}"
EndProject
Global
	GlobalSection(SolutionConfigurationPlatforms) = preSolution
		Debug|Any CPU = Debug|Any CPU
		Release|Any CPU = Release|Any CPU
	EndGlobalSection
	GlobalSection(ProjectConfigurationPlatforms) = postSolution
		{2C1C8DED-459E-42BB-9997-03D1EAB8B48F}.Debug|Any CPU.ActiveCfg = Debug|Any CPU
		{2C1C8DED-459E-42BB-9997-03D1EAB8B48F}.Debug|Any CPU.Build.0 = Debug|Any CPU
		{2C1C8DED-459E-42BB-9997-03D1EAB8B48F}.Release|Any CPU.ActiveCfg = Release|Any CPU
		{2C1C8DED-459E-42BB-9997-03D1EAB8B48F}.Release|Any CPU.Build.0 = Release|Any CPU
		{7B6D9AEA-20B7-4515-AAAA-B5BD12946DDA}.Debug|Any CPU.ActiveCfg = Debug|Any CPU
		{7B6D9AEA-20B7-4515-AAAA-B5BD12946DDA}.Debug|Any CPU.Build.0 = Debug|Any CPU
		{7B6D9AEA-20B7-4515-AAAA-B5BD12946DDA}.Release|Any CPU.ActiveCfg = Release|Any CPU
		{7B6D9AEA-20B7-4515-AAAA-B5BD12946DDA}.Release|Any CPU.Build.0 = Release|Any CPU
		{79277258-F7F6-450A-8DDE-E05CAA7247E2}.Debug|Any CPU.ActiveCfg = Debug|Any CPU
		{79277258-F7F6-450A-8DDE-E05CAA7247E2}.Debug|Any CPU.Build.0 = Debug|Any CPU
		{79277258-F7F6-450A-8DDE-E05CAA7247E2}.Release|Any CPU.ActiveCfg = Release|Any CPU
		{79277258-F7F6-450A-8DDE-E05CAA7247E2}.Release|Any CPU.Build.0 = Release|Any CPU
		{99363F0C-F62C-479F-83EA-2AB3FC0F3890}.Debug|Any CPU.ActiveCfg = Debug|Any CPU
		{99363F0C-F62C-479F-83EA-2AB3FC0F3890}.Debug|Any CPU.Build.0 = Debug|Any CPU
		{99363F0C-F62C-479F-83EA-2AB3FC0F3890}.Release|Any CPU.ActiveCfg = Release|Any CPU
		{99363F0C-F62C-479F-83EA-2AB3FC0F3890}.Release|Any CPU.Build.0 = Release|Any CPU
	EndGlobalSection
	GlobalSection(SolutionProperties) = preSolution
		HideSolutionNode = FALSE
	EndGlobalSection
	GlobalSection(ExtensibilityGlobals) = postSolution
		SolutionGuid = {4A595379-9993-4932-B128-F75665FE017A}
	EndGlobalSection
EndGlobal
